// !$*UTF8*$!
{
	archiveVersion = 1;
	classes = {
	};
	objectVersion = 48;
	objects = {

/* Begin PBXBuildFile section */
		54207923205FF427003340BF /* BreakoutBehavior.swift in Sources */ = {isa = PBXBuildFile; fileRef = 54207922205FF427003340BF /* BreakoutBehavior.swift */; };
		54207925205FF481003340BF /* BallView.swift in Sources */ = {isa = PBXBuildFile; fileRef = 54207924205FF481003340BF /* BallView.swift */; };
		54207928205FF520003340BF /* BrickView.swift in Sources */ = {isa = PBXBuildFile; fileRef = 54207927205FF520003340BF /* BrickView.swift */; };
		5420792A205FF55B003340BF /* PaddleView.swift in Sources */ = {isa = PBXBuildFile; fileRef = 54207929205FF55B003340BF /* PaddleView.swift */; };
		545160E3205965260081B755 /* AppDelegate.swift in Sources */ = {isa = PBXBuildFile; fileRef = 545160E2205965260081B755 /* AppDelegate.swift */; };
		545160E8205965260081B755 /* Main.storyboard in Resources */ = {isa = PBXBuildFile; fileRef = 545160E6205965260081B755 /* Main.storyboard */; };
		545160EA205965260081B755 /* Assets.xcassets in Resources */ = {isa = PBXBuildFile; fileRef = 545160E9205965260081B755 /* Assets.xcassets */; };
		545160ED205965260081B755 /* LaunchScreen.storyboard in Resources */ = {isa = PBXBuildFile; fileRef = 545160EB205965260081B755 /* LaunchScreen.storyboard */; };
		5451611320596E4E0081B755 /* BreakoutViewController.swift in Sources */ = {isa = PBXBuildFile; fileRef = 5451611220596E4E0081B755 /* BreakoutViewController.swift */; };
		5451611520596EC70081B755 /* BreakoutView.swift in Sources */ = {isa = PBXBuildFile; fileRef = 5451611420596EC70081B755 /* BreakoutView.swift */; };
/* End PBXBuildFile section */

/* Begin PBXFileReference section */
		54207922205FF427003340BF /* BreakoutBehavior.swift */ = {isa = PBXFileReference; lastKnownFileType = sourcecode.swift; path = BreakoutBehavior.swift; sourceTree = "<group>"; };
		54207924205FF481003340BF /* BallView.swift */ = {isa = PBXFileReference; lastKnownFileType = sourcecode.swift; path = BallView.swift; sourceTree = "<group>"; };
		54207927205FF520003340BF /* BrickView.swift */ = {isa = PBXFileReference; lastKnownFileType = sourcecode.swift; path = BrickView.swift; sourceTree = "<group>"; };
		54207929205FF55B003340BF /* PaddleView.swift */ = {isa = PBXFileReference; lastKnownFileType = sourcecode.swift; path = PaddleView.swift; sourceTree = "<group>"; };
		545160DF205965260081B755 /* Breakout.app */ = {isa = PBXFileReference; explicitFileType = wrapper.application; includeInIndex = 0; path = Breakout.app; sourceTree = BUILT_PRODUCTS_DIR; };
		545160E2205965260081B755 /* AppDelegate.swift */ = {isa = PBXFileReference; lastKnownFileType = sourcecode.swift; path = AppDelegate.swift; sourceTree = "<group>"; };
		545160E7205965260081B755 /* Base */ = {isa = PBXFileReference; lastKnownFileType = file.storyboard; name = Base; path = Base.lproj/Main.storyboard; sourceTree = "<group>"; };
		545160E9205965260081B755 /* Assets.xcassets */ = {isa = PBXFileReference; lastKnownFileType = folder.assetcatalog; path = Assets.xcassets; sourceTree = "<group>"; };
		545160EC205965260081B755 /* Base */ = {isa = PBXFileReference; lastKnownFileType = file.storyboard; name = Base; path = Base.lproj/LaunchScreen.storyboard; sourceTree = "<group>"; };
		545160EE205965260081B755 /* Info.plist */ = {isa = PBXFileReference; lastKnownFileType = text.plist.xml; path = Info.plist; sourceTree = "<group>"; };
		5451611220596E4E0081B755 /* BreakoutViewController.swift */ = {isa = PBXFileReference; lastKnownFileType = sourcecode.swift; path = BreakoutViewController.swift; sourceTree = "<group>"; };
		5451611420596EC70081B755 /* BreakoutView.swift */ = {isa = PBXFileReference; lastKnownFileType = sourcecode.swift; path = BreakoutView.swift; sourceTree = "<group>"; };
/* End PBXFileReference section */

/* Begin PBXFrameworksBuildPhase section */
		545160DC205965260081B755 /* Frameworks */ = {
			isa = PBXFrameworksBuildPhase;
			buildActionMask = 2147483647;
			files = (
			);
			runOnlyForDeploymentPostprocessing = 0;
		};
/* End PBXFrameworksBuildPhase section */

/* Begin PBXGroup section */
		54207926205FF48B003340BF /* Views */ = {
			isa = PBXGroup;
			children = (
				54207927205FF520003340BF /* BrickView.swift */,
				54207924205FF481003340BF /* BallView.swift */,
				54207929205FF55B003340BF /* PaddleView.swift */,
			);
			path = Views;
			sourceTree = "<group>";
		};
		545160D6205965260081B755 = {
			isa = PBXGroup;
			children = (
				545160E1205965260081B755 /* Breakout */,
				545160E0205965260081B755 /* Products */,
			);
			sourceTree = "<group>";
		};
		545160E0205965260081B755 /* Products */ = {
			isa = PBXGroup;
			children = (
				545160DF205965260081B755 /* Breakout.app */,
			);
			name = Products;
			sourceTree = "<group>";
		};
		545160E1205965260081B755 /* Breakout */ = {
			isa = PBXGroup;
			children = (
				545160E2205965260081B755 /* AppDelegate.swift */,
				545160E6205965260081B755 /* Main.storyboard */,
				5451611220596E4E0081B755 /* BreakoutViewController.swift */,
				5451611420596EC70081B755 /* BreakoutView.swift */,
				54207922205FF427003340BF /* BreakoutBehavior.swift */,
				54207926205FF48B003340BF /* Views */,
				545160E9205965260081B755 /* Assets.xcassets */,
				545160EB205965260081B755 /* LaunchScreen.storyboard */,
				545160EE205965260081B755 /* Info.plist */,
			);
			path = Breakout;
			sourceTree = "<group>";
		};
/* End PBXGroup section */

/* Begin PBXNativeTarget section */
		545160DE205965260081B755 /* Breakout */ = {
			isa = PBXNativeTarget;
			buildConfigurationList = 545160F1205965260081B755 /* Build configuration list for PBXNativeTarget "Breakout" */;
			buildPhases = (
				545160DB205965260081B755 /* Sources */,
				545160DC205965260081B755 /* Frameworks */,
				545160DD205965260081B755 /* Resources */,
			);
			buildRules = (
			);
			dependencies = (
			);
			name = Breakout;
			productName = Breakout;
			productReference = 545160DF205965260081B755 /* Breakout.app */;
			productType = "com.apple.product-type.application";
		};
/* End PBXNativeTarget section */

/* Begin PBXProject section */
		545160D7205965260081B755 /* Project object */ = {
			isa = PBXProject;
			attributes = {
				LastSwiftUpdateCheck = 0920;
				LastUpgradeCheck = 0920;
				ORGANIZATIONNAME = "Victor Shurapov";
				TargetAttributes = {
					545160DE205965260081B755 = {
						CreatedOnToolsVersion = 9.2;
						ProvisioningStyle = Automatic;
					};
				};
			};
			buildConfigurationList = 545160DA205965260081B755 /* Build configuration list for PBXProject "Breakout" */;
			compatibilityVersion = "Xcode 8.0";
			developmentRegion = en;
			hasScannedForEncodings = 0;
			knownRegions = (
				en,
				Base,
			);
			mainGroup = 545160D6205965260081B755;
			productRefGroup = 545160E0205965260081B755 /* Products */;
			projectDirPath = "";
			projectRoot = "";
			targets = (
				545160DE205965260081B755 /* Breakout */,
			);
		};
/* End PBXProject section */

/* Begin PBXResourcesBuildPhase section */
		545160DD205965260081B755 /* Resources */ = {
			isa = PBXResourcesBuildPhase;
			buildActionMask = 2147483647;
			files = (
				545160ED205965260081B755 /* LaunchScreen.storyboard in Resources */,
				545160EA205965260081B755 /* Assets.xcassets in Resources */,
				545160E8205965260081B755 /* Main.storyboard in Resources */,
			);
			runOnlyForDeploymentPostprocessing = 0;
		};
/* End PBXResourcesBuildPhase section */

/* Begin PBXSourcesBuildPhase section */
		545160DB205965260081B755 /* Sources */ = {
			isa = PBXSourcesBuildPhase;
			buildActionMask = 2147483647;
			files = (
				5451611320596E4E0081B755 /* BreakoutViewController.swift in Sources */,
				5451611520596EC70081B755 /* BreakoutView.swift in Sources */,
				54207928205FF520003340BF /* BrickView.swift in Sources */,
				54207923205FF427003340BF /* BreakoutBehavior.swift in Sources */,
				5420792A205FF55B003340BF /* PaddleView.swift in Sources */,
				54207925205FF481003340BF /* BallView.swift in Sources */,
				545160E3205965260081B755 /* AppDelegate.swift in Sources */,
			);
			runOnlyForDeploymentPostprocessing = 0;
		};
/* End PBXSourcesBuildPhase section */

/* Begin PBXVariantGroup section */
		545160E6205965260081B755 /* Main.storyboard */ = {
			isa = PBXVariantGroup;
			children = (
				545160E7205965260081B755 /* Base */,
			);
			name = Main.storyboard;
			sourceTree = "<group>";
		};
		545160EB205965260081B755 /* LaunchScreen.storyboard */ = {
			isa = PBXVariantGroup;
			children = (
				545160EC205965260081B755 /* Base */,
			);
			name = LaunchScreen.storyboard;
			sourceTree = "<group>";
		};
/* End PBXVariantGroup section */

/* Begin XCBuildConfiguration section */
		545160EF205965260081B755 /* Debug */ = {
			isa = XCBuildConfiguration;
			buildSettings = {
				ALWAYS_SEARCH_USER_PATHS = NO;
				CLANG_ANALYZER_NONNULL = YES;
				CLANG_ANALYZER_NUMBER_OBJECT_CONVERSION = YES_AGGRESSIVE;
				CLANG_CXX_LANGUAGE_STANDARD = "gnu++14";
				CLANG_CXX_LIBRARY = "libc++";
				CLANG_ENABLE_MODULES = YES;
				CLANG_ENABLE_OBJC_ARC = YES;
				CLANG_WARN_BLOCK_CAPTURE_AUTORELEASING = YES;
				CLANG_WARN_BOOL_CONVERSION = YES;
				CLANG_WARN_COMMA = YES;
				CLANG_WARN_CONSTANT_CONVERSION = YES;
				CLANG_WARN_DIRECT_OBJC_ISA_USAGE = YES_ERROR;
				CLANG_WARN_DOCUMENTATION_COMMENTS = YES;
				CLANG_WARN_EMPTY_BODY = YES;
				CLANG_WARN_ENUM_CONVERSION = YES;
				CLANG_WARN_INFINITE_RECURSION = YES;
				CLANG_WARN_INT_CONVERSION = YES;
				CLANG_WARN_NON_LITERAL_NULL_CONVERSION = YES;
				CLANG_WARN_OBJC_LITERAL_CONVERSION = YES;
				CLANG_WARN_OBJC_ROOT_CLASS = YES_ERROR;
				CLANG_WARN_RANGE_LOOP_ANALYSIS = YES;
				CLANG_WARN_STRICT_PROTOTYPES = YES;
				CLANG_WARN_SUSPICIOUS_MOVE = YES;
				CLANG_WARN_UNGUARDED_AVAILABILITY = YES_AGGRESSIVE;
				CLANG_WARN_UNREACHABLE_CODE = YES;
				CLANG_WARN__DUPLICATE_METHOD_MATCH = YES;
				CODE_SIGN_IDENTITY = "iPhone Developer";
				COPY_PHASE_STRIP = NO;
				DEBUG_INFORMATION_FORMAT = dwarf;
				ENABLE_STRICT_OBJC_MSGSEND = YES;
				ENABLE_TESTABILITY = YES;
				GCC_C_LANGUAGE_STANDARD = gnu11;
				GCC_DYNAMIC_NO_PIC = NO;
				GCC_NO_COMMON_BLOCKS = YES;
				GCC_OPTIMIZATION_LEVEL = 0;
				GCC_PREPROCESSOR_DEFINITIONS = (
					"DEBUG=1",
					"$(inherited)",
				);
				GCC_WARN_64_TO_32_BIT_CONVERSION = YES;
				GCC_WARN_ABOUT_RETURN_TYPE = YES_ERROR;
				GCC_WARN_UNDECLARED_SELECTOR = YES;
				GCC_WARN_UNINITIALIZED_AUTOS = YES_AGGRESSIVE;
				GCC_WARN_UNUSED_FUNCTION = YES;
				GCC_WARN_UNUSED_VARIABLE = YES;
				IPHONEOS_DEPLOYMENT_TARGET = 11.2;
				MTL_ENABLE_DEBUG_INFO = YES;
				ONLY_ACTIVE_ARCH = YES;
				SDKROOT = iphoneos;
				SWIFT_ACTIVE_COMPILATION_CONDITIONS = DEBUG;
				SWIFT_OPTIMIZATION_LEVEL = "-Onone";
			};
			name = Debug;
		};
		545160F0205965260081B755 /* Release */ = {
			isa = XCBuildConfiguration;
			buildSettings = {
				ALWAYS_SEARCH_USER_PATHS = NO;
				CLANG_ANALYZER_NONNULL = YES;
				CLANG_ANALYZER_NUMBER_OBJECT_CONVERSION = YES_AGGRESSIVE;
				CLANG_CXX_LANGUAGE_STANDARD = "gnu++14";
				CLANG_CXX_LIBRARY = "libc++";
				CLANG_ENABLE_MODULES = YES;
				CLANG_ENABLE_OBJC_ARC = YES;
				CLANG_WARN_BLOCK_CAPTURE_AUTORELEASING = YES;
				CLANG_WARN_BOOL_CONVERSION = YES;
				CLANG_WARN_COMMA = YES;
				CLANG_WARN_CONSTANT_CONVERSION = YES;
				CLANG_WARN_DIRECT_OBJC_ISA_USAGE = YES_ERROR;
				CLANG_WARN_DOCUMENTATION_COMMENTS = YES;
				CLANG_WARN_EMPTY_BODY = YES;
				CLANG_WARN_ENUM_CONVERSION = YES;
				CLANG_WARN_INFINITE_RECURSION = YES;
				CLANG_WARN_INT_CONVERSION = YES;
				CLANG_WARN_NON_LITERAL_NULL_CONVERSION = YES;
				CLANG_WARN_OBJC_LITERAL_CONVERSION = YES;
				CLANG_WARN_OBJC_ROOT_CLASS = YES_ERROR;
				CLANG_WARN_RANGE_LOOP_ANALYSIS = YES;
				CLANG_WARN_STRICT_PROTOTYPES = YES;
				CLANG_WARN_SUSPICIOUS_MOVE = YES;
				CLANG_WARN_UNGUARDED_AVAILABILITY = YES_AGGRESSIVE;
				CLANG_WARN_UNREACHABLE_CODE = YES;
				CLANG_WARN__DUPLICATE_METHOD_MATCH = YES;
				CODE_SIGN_IDENTITY = "iPhone Developer";
				COPY_PHASE_STRIP = NO;
				DEBUG_INFORMATION_FORMAT = "dwarf-with-dsym";
				ENABLE_NS_ASSERTIONS = NO;
				ENABLE_STRICT_OBJC_MSGSEND = YES;
				GCC_C_LANGUAGE_STANDARD = gnu11;
				GCC_NO_COMMON_BLOCKS = YES;
				GCC_WARN_64_TO_32_BIT_CONVERSION = YES;
				GCC_WARN_ABOUT_RETURN_TYPE = YES_ERROR;
				GCC_WARN_UNDECLARED_SELECTOR = YES;
				GCC_WARN_UNINITIALIZED_AUTOS = YES_AGGRESSIVE;
				GCC_WARN_UNUSED_FUNCTION = YES;
				GCC_WARN_UNUSED_VARIABLE = YES;
				IPHONEOS_DEPLOYMENT_TARGET = 11.2;
				MTL_ENABLE_DEBUG_INFO = NO;
				SDKROOT = iphoneos;
				SWIFT_OPTIMIZATION_LEVEL = "-Owholemodule";
				VALIDATE_PRODUCT = YES;
			};
			name = Release;
		};
		545160F2205965260081B755 /* Debug */ = {
			isa = XCBuildConfiguration;
			buildSettings = {
				ASSETCATALOG_COMPILER_APPICON_NAME = AppIcon;
				CODE_SIGN_STYLE = Automatic;
				DEVELOPMENT_TEAM = 928AX9C685;
				INFOPLIST_FILE = Breakout/Info.plist;
				LD_RUNPATH_SEARCH_PATHS = "$(inherited) @executable_path/Frameworks";
				PRODUCT_BUNDLE_IDENTIFIER = VVV.Breakout;
				PRODUCT_NAME = "$(TARGET_NAME)";
				SWIFT_VERSION = 4.0;
				TARGETED_DEVICE_FAMILY = "1,2";
			};
			name = Debug;
		};
		545160F3205965260081B755 /* Release */ = {
			isa = XCBuildConfiguration;
			buildSettings = {
				ASSETCATALOG_COMPILER_APPICON_NAME = AppIcon;
				CODE_SIGN_STYLE = Automatic;
				DEVELOPMENT_TEAM = 928AX9C685;
				INFOPLIST_FILE = Breakout/Info.plist;
				LD_RUNPATH_SEARCH_PATHS = "$(inherited) @executable_path/Frameworks";
				PRODUCT_BUNDLE_IDENTIFIER = VVV.Breakout;
				PRODUCT_NAME = "$(TARGET_NAME)";
				SWIFT_VERSION = 4.0;
				TARGETED_DEVICE_FAMILY = "1,2";
			};
			name = Release;
		};
/* End XCBuildConfiguration section */

/* Begin XCConfigurationList section */
		545160DA205965260081B755 /* Build configuration list for PBXProject "Breakout" */ = {
			isa = XCConfigurationList;
			buildConfigurations = (
				545160EF205965260081B755 /* Debug */,
				545160F0205965260081B755 /* Release */,
			);
			defaultConfigurationIsVisible = 0;
			defaultConfigurationName = Release;
		};
		545160F1205965260081B755 /* Build configuration list for PBXNativeTarget "Breakout" */ = {
			isa = XCConfigurationList;
			buildConfigurations = (
				545160F2205965260081B755 /* Debug */,
				545160F3205965260081B755 /* Release */,
			);
			defaultConfigurationIsVisible = 0;
			defaultConfigurationName = Release;
		};
/* End XCConfigurationList section */
	};
	rootObject = 545160D7205965260081B755 /* Project object */;
}
